
Microsoft Visual Studio Solution File, Format Version 12.00
# Visual Studio Version 16
VisualStudioVersion = 16.0.31515.178
MinimumVisualStudioVersion = 10.0.40219.1
Project("{FAE04EC0-301F-11D3-BF4B-00C04F79EFBC}") = "BlanketNumber", "NumberGuesser\BlanketNumber.csproj", "{7EB9453F-6F63-4BC3-B8E2-C0AE2C2FB795}"
EndProject
Global
	GlobalSection(SolutionConfigurationPlatforms) = preSolution
		Debug|Any CPU = Debug|Any CPU
		Release|Any CPU = Release|Any CPU
	EndGlobalSection
	GlobalSection(ProjectConfigurationPlatforms) = postSolution
		{7EB9453F-6F63-4BC3-B8E2-C0AE2C2FB795}.Debug|Any CPU.ActiveCfg = Debug|Any CPU
		{7EB9453F-6F63-4BC3-B8E2-C0AE2C2FB795}.Debug|Any CPU.Build.0 = Debug|Any CPU
		{7EB9453F-6F63-4BC3-B8E2-C0AE2C2FB795}.Release|Any CPU.ActiveCfg = Release|Any CPU
		{7EB9453F-6F63-4BC3-B8E2-C0AE2C2FB795}.Release|Any CPU.Build.0 = Release|Any CPU
	EndGlobalSection
	GlobalSection(SolutionProperties) = preSolution
		HideSolutionNode = FALSE
	EndGlobalSection
	GlobalSection(ExtensibilityGlobals) = postSolution
		SolutionGuid = {2CF92090-4068-480E-B03B-E0F1952B9D0B}
	EndGlobalSection
EndGlobal
